
Microsoft Visual Studio Solution File, Format Version 12.00
# Visual Studio Version 16
VisualStudioVersion = 16.0.32602.291
MinimumVisualStudioVersion = 10.0.40219.1
Project("{2150E333-8FDC-42A3-9474-1A3956D46DE8}") = "Backend", "Backend", "{FE168071-3D16-4515-ACEE-AC7FD2A6F542}"
EndProject
Project("{2150E333-8FDC-42A3-9474-1A3956D46DE8}") = "Test", "Test", "{61B79746-997D-442F-8FF0-0410BA33CB6C}"
EndProject
Project("{2150E333-8FDC-42A3-9474-1A3956D46DE8}") = "WEB-UI", "WEB-UI", "{D2233DA0-F213-4B38-94AA-243BE06FCE3E}"
EndProject
Project("{9A19103F-16F7-4668-BE54-9A1E7A4F7556}") = "ENTİTY", "ENTİTY\ENTİTY.csproj", "{A30F691E-C69E-4A52-88E6-F4B5D4946637}"
EndProject
Project("{9A19103F-16F7-4668-BE54-9A1E7A4F7556}") = "DAL", "DAL\DAL.csproj", "{E3702803-3B8C-4068-9FCF-257D476B2969}"
EndProject
Project("{9A19103F-16F7-4668-BE54-9A1E7A4F7556}") = "BLL", "BLL\BLL.csproj", "{57612932-3E52-49C8-B346-B1B981376DCF}"
EndProject
Project("{9A19103F-16F7-4668-BE54-9A1E7A4F7556}") = "CORE", "CORE\CORE.csproj", "{544B0678-B70C-401F-B8AE-0D540421FE45}"
EndProject
Project("{FAE04EC0-301F-11D3-BF4B-00C04F79EFBC}") = "Web_UI", "Web_UI\Web_UI.csproj", "{12CB4FA6-E50D-422C-A6ED-0C82A1CF0B12}"
EndProject
Global
	GlobalSection(SolutionConfigurationPlatforms) = preSolution
		Debug|Any CPU = Debug|Any CPU
		Release|Any CPU = Release|Any CPU
	EndGlobalSection
	GlobalSection(ProjectConfigurationPlatforms) = postSolution
		{A30F691E-C69E-4A52-88E6-F4B5D4946637}.Debug|Any CPU.ActiveCfg = Debug|Any CPU
		{A30F691E-C69E-4A52-88E6-F4B5D4946637}.Debug|Any CPU.Build.0 = Debug|Any CPU
		{A30F691E-C69E-4A52-88E6-F4B5D4946637}.Release|Any CPU.ActiveCfg = Release|Any CPU
		{A30F691E-C69E-4A52-88E6-F4B5D4946637}.Release|Any CPU.Build.0 = Release|Any CPU
		{E3702803-3B8C-4068-9FCF-257D476B2969}.Debug|Any CPU.ActiveCfg = Debug|Any CPU
		{E3702803-3B8C-4068-9FCF-257D476B2969}.Debug|Any CPU.Build.0 = Debug|Any CPU
		{E3702803-3B8C-4068-9FCF-257D476B2969}.Release|Any CPU.ActiveCfg = Release|Any CPU
		{E3702803-3B8C-4068-9FCF-257D476B2969}.Release|Any CPU.Build.0 = Release|Any CPU
		{57612932-3E52-49C8-B346-B1B981376DCF}.Debug|Any CPU.ActiveCfg = Debug|Any CPU
		{57612932-3E52-49C8-B346-B1B981376DCF}.Debug|Any CPU.Build.0 = Debug|Any CPU
		{57612932-3E52-49C8-B346-B1B981376DCF}.Release|Any CPU.ActiveCfg = Release|Any CPU
		{57612932-3E52-49C8-B346-B1B981376DCF}.Release|Any CPU.Build.0 = Release|Any CPU
		{544B0678-B70C-401F-B8AE-0D540421FE45}.Debug|Any CPU.ActiveCfg = Debug|Any CPU
		{544B0678-B70C-401F-B8AE-0D540421FE45}.Debug|Any CPU.Build.0 = Debug|Any CPU
		{544B0678-B70C-401F-B8AE-0D540421FE45}.Release|Any CPU.ActiveCfg = Release|Any CPU
		{544B0678-B70C-401F-B8AE-0D540421FE45}.Release|Any CPU.Build.0 = Release|Any CPU
		{12CB4FA6-E50D-422C-A6ED-0C82A1CF0B12}.Debug|Any CPU.ActiveCfg = Debug|Any CPU
		{12CB4FA6-E50D-422C-A6ED-0C82A1CF0B12}.Debug|Any CPU.Build.0 = Debug|Any CPU
		{12CB4FA6-E50D-422C-A6ED-0C82A1CF0B12}.Release|Any CPU.ActiveCfg = Release|Any CPU
		{12CB4FA6-E50D-422C-A6ED-0C82A1CF0B12}.Release|Any CPU.Build.0 = Release|Any CPU
	EndGlobalSection
	GlobalSection(SolutionProperties) = preSolution
		HideSolutionNode = FALSE
	EndGlobalSection
	GlobalSection(NestedProjects) = preSolution
		{A30F691E-C69E-4A52-88E6-F4B5D4946637} = {FE168071-3D16-4515-ACEE-AC7FD2A6F542}
		{E3702803-3B8C-4068-9FCF-257D476B2969} = {FE168071-3D16-4515-ACEE-AC7FD2A6F542}
		{57612932-3E52-49C8-B346-B1B981376DCF} = {FE168071-3D16-4515-ACEE-AC7FD2A6F542}
		{544B0678-B70C-401F-B8AE-0D540421FE45} = {FE168071-3D16-4515-ACEE-AC7FD2A6F542}
		{12CB4FA6-E50D-422C-A6ED-0C82A1CF0B12} = {D2233DA0-F213-4B38-94AA-243BE06FCE3E}
	EndGlobalSection
	GlobalSection(ExtensibilityGlobals) = postSolution
		SolutionGuid = {7196C858-6142-4881-8587-401851C2FD22}
	EndGlobalSection
EndGlobal
